
Microsoft Visual Studio Solution File, Format Version 12.00
# Visual Studio 15
VisualStudioVersion = 15.0.27009.1
MinimumVisualStudioVersion = 10.0.40219.1
Project("{FAE04EC0-301F-11D3-BF4B-00C04F79EFBC}") = "APILast.Host.Net", "APILast.Host.Net\APILast.Host.Net.csproj", "{3AD549D4-44E9-4B25-B65B-AE0D241282C5}"
EndProject
Project("{9A19103F-16F7-4668-BE54-9A1E7A4F7556}") = "APILast.Host.Web", "APILast.Host.Web\APILast.Host.Web.csproj", "{B66AC112-158E-4A9E-A6E4-3B93DDD82609}"
EndProject
Project("{9A19103F-16F7-4668-BE54-9A1E7A4F7556}") = "APILast.Stuff", "APILast.Stuff\APILast.Stuff.csproj", "{73A5D758-2A53-45D7-A318-A633E35319D1}"
EndProject
Project("{9A19103F-16F7-4668-BE54-9A1E7A4F7556}") = "APILast.Abstractions", "APILast.Abstractions\APILast.Abstractions.csproj", "{F0AB8E49-163B-4281-A90E-057DDD3D8208}"
EndProject
Project("{9A19103F-16F7-4668-BE54-9A1E7A4F7556}") = "APILast.DomainObjects", "APILast.DomainObjects\APILast.DomainObjects.csproj", "{CC50F787-5DF2-4579-A1D6-631FE1FF98D6}"
EndProject
Project("{9A19103F-16F7-4668-BE54-9A1E7A4F7556}") = "APILast.RemoteEndpoint", "APILast.RemoteEndpoint\APILast.RemoteEndpoint.csproj", "{33A74137-052F-45D9-A934-250DBBEBC4E0}"
EndProject
Project("{FAE04EC0-301F-11D3-BF4B-00C04F79EFBC}") = "APILast.Remote", "APILast.Remote\APILast.Remote.csproj", "{E19DE217-2737-4B75-8888-1AE3EC8235EE}"
EndProject
Project("{8BC9CEB8-8B4A-11D0-8D11-00A0C91BC942}") = "APILast.AssemblyResolveHandle", "APILast.AssemblyResolveHandle\APILast.AssemblyResolveHandle.vcxproj", "{AFA33367-C295-4DE6-9AE7-87B912441F25}"
EndProject
Project("{8BC9CEB8-8B4A-11D0-8D11-00A0C91BC942}") = "APILast.CtoSharpBridge", "APILast.CtoSharpBridge\APILast.CtoSharpBridge.vcxproj", "{EBAA8668-5095-48D5-BB60-C9DC5EDE5769}"
EndProject
Project("{2150E333-8FDC-42A3-9474-1A3956D46DE8}") = "CPP", "CPP", "{BBB929E2-0D33-4E38-B489-B4221223A758}"
EndProject
Project("{9A19103F-16F7-4668-BE54-9A1E7A4F7556}") = "APILast.Host.FasterConsole", "APILast.Host.FasterConsole\APILast.Host.FasterConsole.csproj", "{7446DB92-7F23-474E-B866-1CD880F68377}"
EndProject
Project("{9A19103F-16F7-4668-BE54-9A1E7A4F7556}") = "SampleService.Core", "SampleService.Core\SampleService.Core.csproj", "{6E349180-F155-4634-BBA8-9FCEF497DF7D}"
EndProject
Project("{FAE04EC0-301F-11D3-BF4B-00C04F79EFBC}") = "SampleService.Net", "SampleService.Net\SampleService.Net.csproj", "{3DB3A9AC-041E-4BB9-B8A7-9257F3CA7850}"
EndProject
Global
	GlobalSection(SolutionConfigurationPlatforms) = preSolution
		Debug|Any CPU = Debug|Any CPU
		Debug|x64 = Debug|x64
		Debug|x86 = Debug|x86
		Release|Any CPU = Release|Any CPU
		Release|x64 = Release|x64
		Release|x86 = Release|x86
	EndGlobalSection
	GlobalSection(ProjectConfigurationPlatforms) = postSolution
		{3AD549D4-44E9-4B25-B65B-AE0D241282C5}.Debug|Any CPU.ActiveCfg = Debug|Any CPU
		{3AD549D4-44E9-4B25-B65B-AE0D241282C5}.Debug|Any CPU.Build.0 = Debug|Any CPU
		{3AD549D4-44E9-4B25-B65B-AE0D241282C5}.Debug|x64.ActiveCfg = Debug|Any CPU
		{3AD549D4-44E9-4B25-B65B-AE0D241282C5}.Debug|x64.Build.0 = Debug|Any CPU
		{3AD549D4-44E9-4B25-B65B-AE0D241282C5}.Debug|x86.ActiveCfg = Debug|Any CPU
		{3AD549D4-44E9-4B25-B65B-AE0D241282C5}.Debug|x86.Build.0 = Debug|Any CPU
		{3AD549D4-44E9-4B25-B65B-AE0D241282C5}.Release|Any CPU.ActiveCfg = Release|Any CPU
		{3AD549D4-44E9-4B25-B65B-AE0D241282C5}.Release|Any CPU.Build.0 = Release|Any CPU
		{3AD549D4-44E9-4B25-B65B-AE0D241282C5}.Release|x64.ActiveCfg = Release|Any CPU
		{3AD549D4-44E9-4B25-B65B-AE0D241282C5}.Release|x64.Build.0 = Release|Any CPU
		{3AD549D4-44E9-4B25-B65B-AE0D241282C5}.Release|x86.ActiveCfg = Release|Any CPU
		{3AD549D4-44E9-4B25-B65B-AE0D241282C5}.Release|x86.Build.0 = Release|Any CPU
		{B66AC112-158E-4A9E-A6E4-3B93DDD82609}.Debug|Any CPU.ActiveCfg = Debug|Any CPU
		{B66AC112-158E-4A9E-A6E4-3B93DDD82609}.Debug|Any CPU.Build.0 = Debug|Any CPU
		{B66AC112-158E-4A9E-A6E4-3B93DDD82609}.Debug|x64.ActiveCfg = Debug|Any CPU
		{B66AC112-158E-4A9E-A6E4-3B93DDD82609}.Debug|x64.Build.0 = Debug|Any CPU
		{B66AC112-158E-4A9E-A6E4-3B93DDD82609}.Debug|x86.ActiveCfg = Debug|Any CPU
		{B66AC112-158E-4A9E-A6E4-3B93DDD82609}.Debug|x86.Build.0 = Debug|Any CPU
		{B66AC112-158E-4A9E-A6E4-3B93DDD82609}.Release|Any CPU.ActiveCfg = Release|Any CPU
		{B66AC112-158E-4A9E-A6E4-3B93DDD82609}.Release|Any CPU.Build.0 = Release|Any CPU
		{B66AC112-158E-4A9E-A6E4-3B93DDD82609}.Release|x64.ActiveCfg = Release|Any CPU
		{B66AC112-158E-4A9E-A6E4-3B93DDD82609}.Release|x64.Build.0 = Release|Any CPU
		{B66AC112-158E-4A9E-A6E4-3B93DDD82609}.Release|x86.ActiveCfg = Release|Any CPU
		{B66AC112-158E-4A9E-A6E4-3B93DDD82609}.Release|x86.Build.0 = Release|Any CPU
		{73A5D758-2A53-45D7-A318-A633E35319D1}.Debug|Any CPU.ActiveCfg = Debug|Any CPU
		{73A5D758-2A53-45D7-A318-A633E35319D1}.Debug|Any CPU.Build.0 = Debug|Any CPU
		{73A5D758-2A53-45D7-A318-A633E35319D1}.Debug|x64.ActiveCfg = Debug|Any CPU
		{73A5D758-2A53-45D7-A318-A633E35319D1}.Debug|x64.Build.0 = Debug|Any CPU
		{73A5D758-2A53-45D7-A318-A633E35319D1}.Debug|x86.ActiveCfg = Debug|Any CPU
		{73A5D758-2A53-45D7-A318-A633E35319D1}.Debug|x86.Build.0 = Debug|Any CPU
		{73A5D758-2A53-45D7-A318-A633E35319D1}.Release|Any CPU.ActiveCfg = Release|Any CPU
		{73A5D758-2A53-45D7-A318-A633E35319D1}.Release|Any CPU.Build.0 = Release|Any CPU
		{73A5D758-2A53-45D7-A318-A633E35319D1}.Release|x64.ActiveCfg = Release|Any CPU
		{73A5D758-2A53-45D7-A318-A633E35319D1}.Release|x64.Build.0 = Release|Any CPU
		{73A5D758-2A53-45D7-A318-A633E35319D1}.Release|x86.ActiveCfg = Release|Any CPU
		{73A5D758-2A53-45D7-A318-A633E35319D1}.Release|x86.Build.0 = Release|Any CPU
		{F0AB8E49-163B-4281-A90E-057DDD3D8208}.Debug|Any CPU.ActiveCfg = Debug|Any CPU
		{F0AB8E49-163B-4281-A90E-057DDD3D8208}.Debug|Any CPU.Build.0 = Debug|Any CPU
		{F0AB8E49-163B-4281-A90E-057DDD3D8208}.Debug|x64.ActiveCfg = Debug|Any CPU
		{F0AB8E49-163B-4281-A90E-057DDD3D8208}.Debug|x64.Build.0 = Debug|Any CPU
		{F0AB8E49-163B-4281-A90E-057DDD3D8208}.Debug|x86.ActiveCfg = Debug|Any CPU
		{F0AB8E49-163B-4281-A90E-057DDD3D8208}.Debug|x86.Build.0 = Debug|Any CPU
		{F0AB8E49-163B-4281-A90E-057DDD3D8208}.Release|Any CPU.ActiveCfg = Release|Any CPU
		{F0AB8E49-163B-4281-A90E-057DDD3D8208}.Release|Any CPU.Build.0 = Release|Any CPU
		{F0AB8E49-163B-4281-A90E-057DDD3D8208}.Release|x64.ActiveCfg = Release|Any CPU
		{F0AB8E49-163B-4281-A90E-057DDD3D8208}.Release|x64.Build.0 = Release|Any CPU
		{F0AB8E49-163B-4281-A90E-057DDD3D8208}.Release|x86.ActiveCfg = Release|Any CPU
		{F0AB8E49-163B-4281-A90E-057DDD3D8208}.Release|x86.Build.0 = Release|Any CPU
		{CC50F787-5DF2-4579-A1D6-631FE1FF98D6}.Debug|Any CPU.ActiveCfg = Debug|Any CPU
		{CC50F787-5DF2-4579-A1D6-631FE1FF98D6}.Debug|Any CPU.Build.0 = Debug|Any CPU
		{CC50F787-5DF2-4579-A1D6-631FE1FF98D6}.Debug|x64.ActiveCfg = Debug|Any CPU
		{CC50F787-5DF2-4579-A1D6-631FE1FF98D6}.Debug|x64.Build.0 = Debug|Any CPU
		{CC50F787-5DF2-4579-A1D6-631FE1FF98D6}.Debug|x86.ActiveCfg = Debug|Any CPU
		{CC50F787-5DF2-4579-A1D6-631FE1FF98D6}.Debug|x86.Build.0 = Debug|Any CPU
		{CC50F787-5DF2-4579-A1D6-631FE1FF98D6}.Release|Any CPU.ActiveCfg = Release|Any CPU
		{CC50F787-5DF2-4579-A1D6-631FE1FF98D6}.Release|Any CPU.Build.0 = Release|Any CPU
		{CC50F787-5DF2-4579-A1D6-631FE1FF98D6}.Release|x64.ActiveCfg = Release|Any CPU
		{CC50F787-5DF2-4579-A1D6-631FE1FF98D6}.Release|x64.Build.0 = Release|Any CPU
		{CC50F787-5DF2-4579-A1D6-631FE1FF98D6}.Release|x86.ActiveCfg = Release|Any CPU
		{CC50F787-5DF2-4579-A1D6-631FE1FF98D6}.Release|x86.Build.0 = Release|Any CPU
		{33A74137-052F-45D9-A934-250DBBEBC4E0}.Debug|Any CPU.ActiveCfg = Debug|Any CPU
		{33A74137-052F-45D9-A934-250DBBEBC4E0}.Debug|Any CPU.Build.0 = Debug|Any CPU
		{33A74137-052F-45D9-A934-250DBBEBC4E0}.Debug|x64.ActiveCfg = Debug|Any CPU
		{33A74137-052F-45D9-A934-250DBBEBC4E0}.Debug|x64.Build.0 = Debug|Any CPU
		{33A74137-052F-45D9-A934-250DBBEBC4E0}.Debug|x86.ActiveCfg = Debug|Any CPU
		{33A74137-052F-45D9-A934-250DBBEBC4E0}.Debug|x86.Build.0 = Debug|Any CPU
		{33A74137-052F-45D9-A934-250DBBEBC4E0}.Release|Any CPU.ActiveCfg = Release|Any CPU
		{33A74137-052F-45D9-A934-250DBBEBC4E0}.Release|Any CPU.Build.0 = Release|Any CPU
		{33A74137-052F-45D9-A934-250DBBEBC4E0}.Release|x64.ActiveCfg = Release|Any CPU
		{33A74137-052F-45D9-A934-250DBBEBC4E0}.Release|x64.Build.0 = Release|Any CPU
		{33A74137-052F-45D9-A934-250DBBEBC4E0}.Release|x86.ActiveCfg = Release|Any CPU
		{33A74137-052F-45D9-A934-250DBBEBC4E0}.Release|x86.Build.0 = Release|Any CPU
		{E19DE217-2737-4B75-8888-1AE3EC8235EE}.Debug|Any CPU.ActiveCfg = Debug|Any CPU
		{E19DE217-2737-4B75-8888-1AE3EC8235EE}.Debug|Any CPU.Build.0 = Debug|Any CPU
		{E19DE217-2737-4B75-8888-1AE3EC8235EE}.Debug|x64.ActiveCfg = Debug|Any CPU
		{E19DE217-2737-4B75-8888-1AE3EC8235EE}.Debug|x64.Build.0 = Debug|Any CPU
		{E19DE217-2737-4B75-8888-1AE3EC8235EE}.Debug|x86.ActiveCfg = Debug|Any CPU
		{E19DE217-2737-4B75-8888-1AE3EC8235EE}.Debug|x86.Build.0 = Debug|Any CPU
		{E19DE217-2737-4B75-8888-1AE3EC8235EE}.Release|Any CPU.ActiveCfg = Release|Any CPU
		{E19DE217-2737-4B75-8888-1AE3EC8235EE}.Release|Any CPU.Build.0 = Release|Any CPU
		{E19DE217-2737-4B75-8888-1AE3EC8235EE}.Release|x64.ActiveCfg = Release|Any CPU
		{E19DE217-2737-4B75-8888-1AE3EC8235EE}.Release|x64.Build.0 = Release|Any CPU
		{E19DE217-2737-4B75-8888-1AE3EC8235EE}.Release|x86.ActiveCfg = Release|Any CPU
		{E19DE217-2737-4B75-8888-1AE3EC8235EE}.Release|x86.Build.0 = Release|Any CPU
		{AFA33367-C295-4DE6-9AE7-87B912441F25}.Debug|Any CPU.ActiveCfg = Debug|Win32
		{AFA33367-C295-4DE6-9AE7-87B912441F25}.Debug|Any CPU.Build.0 = Debug|Win32
		{AFA33367-C295-4DE6-9AE7-87B912441F25}.Debug|x64.ActiveCfg = Debug|x64
		{AFA33367-C295-4DE6-9AE7-87B912441F25}.Debug|x64.Build.0 = Debug|x64
		{AFA33367-C295-4DE6-9AE7-87B912441F25}.Debug|x86.ActiveCfg = Debug|Win32
		{AFA33367-C295-4DE6-9AE7-87B912441F25}.Debug|x86.Build.0 = Debug|Win32
		{AFA33367-C295-4DE6-9AE7-87B912441F25}.Release|Any CPU.ActiveCfg = Release|Win32
		{AFA33367-C295-4DE6-9AE7-87B912441F25}.Release|x64.ActiveCfg = Release|x64
		{AFA33367-C295-4DE6-9AE7-87B912441F25}.Release|x64.Build.0 = Release|x64
		{AFA33367-C295-4DE6-9AE7-87B912441F25}.Release|x86.ActiveCfg = Release|Win32
		{AFA33367-C295-4DE6-9AE7-87B912441F25}.Release|x86.Build.0 = Release|Win32
		{EBAA8668-5095-48D5-BB60-C9DC5EDE5769}.Debug|Any CPU.ActiveCfg = Debug|Win32
		{EBAA8668-5095-48D5-BB60-C9DC5EDE5769}.Debug|Any CPU.Build.0 = Debug|Win32
		{EBAA8668-5095-48D5-BB60-C9DC5EDE5769}.Debug|x64.ActiveCfg = Debug|x64
		{EBAA8668-5095-48D5-BB60-C9DC5EDE5769}.Debug|x64.Build.0 = Debug|x64
		{EBAA8668-5095-48D5-BB60-C9DC5EDE5769}.Debug|x86.ActiveCfg = Debug|Win32
		{EBAA8668-5095-48D5-BB60-C9DC5EDE5769}.Debug|x86.Build.0 = Debug|Win32
		{EBAA8668-5095-48D5-BB60-C9DC5EDE5769}.Release|Any CPU.ActiveCfg = Release|Win32
		{EBAA8668-5095-48D5-BB60-C9DC5EDE5769}.Release|x64.ActiveCfg = Release|x64
		{EBAA8668-5095-48D5-BB60-C9DC5EDE5769}.Release|x64.Build.0 = Release|x64
		{EBAA8668-5095-48D5-BB60-C9DC5EDE5769}.Release|x86.ActiveCfg = Release|Win32
		{EBAA8668-5095-48D5-BB60-C9DC5EDE5769}.Release|x86.Build.0 = Release|Win32
		{7446DB92-7F23-474E-B866-1CD880F68377}.Debug|Any CPU.ActiveCfg = Debug|Any CPU
		{7446DB92-7F23-474E-B866-1CD880F68377}.Debug|Any CPU.Build.0 = Debug|Any CPU
		{7446DB92-7F23-474E-B866-1CD880F68377}.Debug|x64.ActiveCfg = Debug|Any CPU
		{7446DB92-7F23-474E-B866-1CD880F68377}.Debug|x64.Build.0 = Debug|Any CPU
		{7446DB92-7F23-474E-B866-1CD880F68377}.Debug|x86.ActiveCfg = Debug|Any CPU
		{7446DB92-7F23-474E-B866-1CD880F68377}.Debug|x86.Build.0 = Debug|Any CPU
		{7446DB92-7F23-474E-B866-1CD880F68377}.Release|Any CPU.ActiveCfg = Release|Any CPU
		{7446DB92-7F23-474E-B866-1CD880F68377}.Release|Any CPU.Build.0 = Release|Any CPU
		{7446DB92-7F23-474E-B866-1CD880F68377}.Release|x64.ActiveCfg = Release|Any CPU
		{7446DB92-7F23-474E-B866-1CD880F68377}.Release|x64.Build.0 = Release|Any CPU
		{7446DB92-7F23-474E-B866-1CD880F68377}.Release|x86.ActiveCfg = Release|Any CPU
		{7446DB92-7F23-474E-B866-1CD880F68377}.Release|x86.Build.0 = Release|Any CPU
		{6E349180-F155-4634-BBA8-9FCEF497DF7D}.Debug|Any CPU.ActiveCfg = Debug|Any CPU
		{6E349180-F155-4634-BBA8-9FCEF497DF7D}.Debug|x64.ActiveCfg = Debug|Any CPU
		{6E349180-F155-4634-BBA8-9FCEF497DF7D}.Debug|x64.Build.0 = Debug|Any CPU
		{6E349180-F155-4634-BBA8-9FCEF497DF7D}.Debug|x86.ActiveCfg = Debug|Any CPU
		{6E349180-F155-4634-BBA8-9FCEF497DF7D}.Debug|x86.Build.0 = Debug|Any CPU
		{6E349180-F155-4634-BBA8-9FCEF497DF7D}.Release|Any CPU.ActiveCfg = Release|Any CPU
		{6E349180-F155-4634-BBA8-9FCEF497DF7D}.Release|Any CPU.Build.0 = Release|Any CPU
		{6E349180-F155-4634-BBA8-9FCEF497DF7D}.Release|x64.ActiveCfg = Release|Any CPU
		{6E349180-F155-4634-BBA8-9FCEF497DF7D}.Release|x64.Build.0 = Release|Any CPU
		{6E349180-F155-4634-BBA8-9FCEF497DF7D}.Release|x86.ActiveCfg = Release|Any CPU
		{6E349180-F155-4634-BBA8-9FCEF497DF7D}.Release|x86.Build.0 = Release|Any CPU
		{3DB3A9AC-041E-4BB9-B8A7-9257F3CA7850}.Debug|Any CPU.ActiveCfg = Debug|Any CPU
		{3DB3A9AC-041E-4BB9-B8A7-9257F3CA7850}.Debug|x64.ActiveCfg = Debug|Any CPU
		{3DB3A9AC-041E-4BB9-B8A7-9257F3CA7850}.Debug|x64.Build.0 = Debug|Any CPU
		{3DB3A9AC-041E-4BB9-B8A7-9257F3CA7850}.Debug|x86.ActiveCfg = Debug|Any CPU
		{3DB3A9AC-041E-4BB9-B8A7-9257F3CA7850}.Debug|x86.Build.0 = Debug|Any CPU
		{3DB3A9AC-041E-4BB9-B8A7-9257F3CA7850}.Release|Any CPU.ActiveCfg = Release|Any CPU
		{3DB3A9AC-041E-4BB9-B8A7-9257F3CA7850}.Release|Any CPU.Build.0 = Release|Any CPU
		{3DB3A9AC-041E-4BB9-B8A7-9257F3CA7850}.Release|x64.ActiveCfg = Release|Any CPU
		{3DB3A9AC-041E-4BB9-B8A7-9257F3CA7850}.Release|x64.Build.0 = Release|Any CPU
		{3DB3A9AC-041E-4BB9-B8A7-9257F3CA7850}.Release|x86.ActiveCfg = Release|Any CPU
		{3DB3A9AC-041E-4BB9-B8A7-9257F3CA7850}.Release|x86.Build.0 = Release|Any CPU
	EndGlobalSection
	GlobalSection(SolutionProperties) = preSolution
		HideSolutionNode = FALSE
	EndGlobalSection
	GlobalSection(NestedProjects) = preSolution
		{AFA33367-C295-4DE6-9AE7-87B912441F25} = {BBB929E2-0D33-4E38-B489-B4221223A758}
		{EBAA8668-5095-48D5-BB60-C9DC5EDE5769} = {BBB929E2-0D33-4E38-B489-B4221223A758}
	EndGlobalSection
	GlobalSection(ExtensibilityGlobals) = postSolution
		SolutionGuid = {18B9AC9D-0266-4534-BDA5-0E5C2E04BC3A}
	EndGlobalSection
EndGlobal
