
Microsoft Visual Studio Solution File, Format Version 12.00
# Visual Studio 15
VisualStudioVersion = 15.0.27009.1
MinimumVisualStudioVersion = 10.0.40219.1
Project("{9A19103F-16F7-4668-BE54-9A1E7A4F7556}") = "SampleService.Core", "SampleService.Core\SampleService.Core.csproj", "{6E349180-F155-4634-BBA8-9FCEF497DF7D}"
EndProject
Project("{FAE04EC0-301F-11D3-BF4B-00C04F79EFBC}") = "SampleService.Net", "SampleService.Net\SampleService.Net.csproj", "{3DB3A9AC-041E-4BB9-B8A7-9257F3CA7850}"
EndProject
Project("{2150E333-8FDC-42A3-9474-1A3956D46DE8}") = "Hosting", "Hosting", "{83E94A18-368A-4438-B976-7810638995D8}"
EndProject
Project("{2150E333-8FDC-42A3-9474-1A3956D46DE8}") = "Remote", "Remote", "{6657C39F-082F-4669-8A44-75F67C7825D6}"
EndProject
Project("{2150E333-8FDC-42A3-9474-1A3956D46DE8}") = "Business", "Business", "{B5ABB756-A3C8-4520-85FD-136CB9D1641D}"
EndProject
Project("{9A19103F-16F7-4668-BE54-9A1E7A4F7556}") = "APILast.Abstractions", "Business\APILast.Abstractions\APILast.Abstractions.csproj", "{BFADC9D5-ACD5-4027-9A98-3C9EBF6A9CA3}"
EndProject
Project("{9A19103F-16F7-4668-BE54-9A1E7A4F7556}") = "APILast.DomainObjects", "Business\APILast.DomainObjects\APILast.DomainObjects.csproj", "{1E1A94AB-99EB-495D-8750-2EF3E6E6C41D}"
EndProject
Project("{9A19103F-16F7-4668-BE54-9A1E7A4F7556}") = "APILast.Remote", "Business\APILast.Remote\APILast.Remote.csproj", "{206E174A-DBFB-4FB2-80F8-3E54E38C86AC}"
EndProject
Project("{9A19103F-16F7-4668-BE54-9A1E7A4F7556}") = "APILast.RemoteEndpoint", "Business\APILast.RemoteEndpoint\APILast.RemoteEndpoint.csproj", "{A5C6D300-5FB4-41D6-8A1A-6B03E4FD2ACD}"
EndProject
Project("{9A19103F-16F7-4668-BE54-9A1E7A4F7556}") = "APILast.Stuff", "Business\APILast.Stuff\APILast.Stuff.csproj", "{084C2391-A139-4B7C-8C6C-53EF6B1A297C}"
EndProject
Project("{9A19103F-16F7-4668-BE54-9A1E7A4F7556}") = "APILast.Host.FasterConsole", "Hosting\APILast.Host.FasterConsole\APILast.Host.FasterConsole.csproj", "{C5E0D7B8-920E-4AFC-AFE7-85630174F6DC}"
EndProject
Project("{FAE04EC0-301F-11D3-BF4B-00C04F79EFBC}") = "APILast.Host.Net", "Hosting\APILast.Host.Net\APILast.Host.Net.csproj", "{3AD549D4-44E9-4B25-B65B-AE0D241282C5}"
EndProject
Project("{9A19103F-16F7-4668-BE54-9A1E7A4F7556}") = "APILast.Host.Web", "Hosting\APILast.Host.Web\APILast.Host.Web.csproj", "{0E6F1342-EDF7-465A-9D14-B3D6A7829C67}"
EndProject
Project("{9A19103F-16F7-4668-BE54-9A1E7A4F7556}") = "APILast.Adapter.Loader", "Remote\APILast.Adapter.Loader\APILast.Adapter.Loader.csproj", "{C3986A2B-328C-4DA5-A213-ECE715288DC3}"
EndProject
Project("{8BC9CEB8-8B4A-11D0-8D11-00A0C91BC942}") = "APILast.AssemblyResolveHandle", "Remote\APILast.AssemblyResolveHandle\APILast.AssemblyResolveHandle.vcxproj", "{AFA33367-C295-4DE6-9AE7-87B912441F25}"
EndProject
Project("{8BC9CEB8-8B4A-11D0-8D11-00A0C91BC942}") = "APILast.CtoSharpBridge", "Remote\APILast.CtoSharpBridge\APILast.CtoSharpBridge.vcxproj", "{EBAA8668-5095-48D5-BB60-C9DC5EDE5769}"
EndProject
Project("{2150E333-8FDC-42A3-9474-1A3956D46DE8}") = "Adapter", "Adapter", "{5A9E3065-4065-4958-B54F-BB106A1DABA4}"
EndProject
Project("{FAE04EC0-301F-11D3-BF4B-00C04F79EFBC}") = "APILast.Adapter.Sample", "Adapter\APILast.Adapter.Sample\APILast.Adapter.Sample.csproj", "{51F7F0DA-B3E1-4BD7-A5E8-659249A93345}"
EndProject
Global
	GlobalSection(SolutionConfigurationPlatforms) = preSolution
		Debug|Any CPU = Debug|Any CPU
		Debug|x64 = Debug|x64
		Debug|x86 = Debug|x86
		Release|Any CPU = Release|Any CPU
		Release|x64 = Release|x64
		Release|x86 = Release|x86
	EndGlobalSection
	GlobalSection(ProjectConfigurationPlatforms) = postSolution
		{6E349180-F155-4634-BBA8-9FCEF497DF7D}.Debug|Any CPU.ActiveCfg = Debug|Any CPU
		{6E349180-F155-4634-BBA8-9FCEF497DF7D}.Debug|x64.ActiveCfg = Debug|Any CPU
		{6E349180-F155-4634-BBA8-9FCEF497DF7D}.Debug|x64.Build.0 = Debug|Any CPU
		{6E349180-F155-4634-BBA8-9FCEF497DF7D}.Debug|x86.ActiveCfg = Debug|Any CPU
		{6E349180-F155-4634-BBA8-9FCEF497DF7D}.Debug|x86.Build.0 = Debug|Any CPU
		{6E349180-F155-4634-BBA8-9FCEF497DF7D}.Release|Any CPU.ActiveCfg = Release|Any CPU
		{6E349180-F155-4634-BBA8-9FCEF497DF7D}.Release|Any CPU.Build.0 = Release|Any CPU
		{6E349180-F155-4634-BBA8-9FCEF497DF7D}.Release|x64.ActiveCfg = Release|Any CPU
		{6E349180-F155-4634-BBA8-9FCEF497DF7D}.Release|x64.Build.0 = Release|Any CPU
		{6E349180-F155-4634-BBA8-9FCEF497DF7D}.Release|x86.ActiveCfg = Release|Any CPU
		{6E349180-F155-4634-BBA8-9FCEF497DF7D}.Release|x86.Build.0 = Release|Any CPU
		{3DB3A9AC-041E-4BB9-B8A7-9257F3CA7850}.Debug|Any CPU.ActiveCfg = Debug|Any CPU
		{3DB3A9AC-041E-4BB9-B8A7-9257F3CA7850}.Debug|x64.ActiveCfg = Debug|Any CPU
		{3DB3A9AC-041E-4BB9-B8A7-9257F3CA7850}.Debug|x64.Build.0 = Debug|Any CPU
		{3DB3A9AC-041E-4BB9-B8A7-9257F3CA7850}.Debug|x86.ActiveCfg = Debug|Any CPU
		{3DB3A9AC-041E-4BB9-B8A7-9257F3CA7850}.Debug|x86.Build.0 = Debug|Any CPU
		{3DB3A9AC-041E-4BB9-B8A7-9257F3CA7850}.Release|Any CPU.ActiveCfg = Release|Any CPU
		{3DB3A9AC-041E-4BB9-B8A7-9257F3CA7850}.Release|Any CPU.Build.0 = Release|Any CPU
		{3DB3A9AC-041E-4BB9-B8A7-9257F3CA7850}.Release|x64.ActiveCfg = Release|Any CPU
		{3DB3A9AC-041E-4BB9-B8A7-9257F3CA7850}.Release|x64.Build.0 = Release|Any CPU
		{3DB3A9AC-041E-4BB9-B8A7-9257F3CA7850}.Release|x86.ActiveCfg = Release|Any CPU
		{3DB3A9AC-041E-4BB9-B8A7-9257F3CA7850}.Release|x86.Build.0 = Release|Any CPU
		{BFADC9D5-ACD5-4027-9A98-3C9EBF6A9CA3}.Debug|Any CPU.ActiveCfg = Debug|Any CPU
		{BFADC9D5-ACD5-4027-9A98-3C9EBF6A9CA3}.Debug|Any CPU.Build.0 = Debug|Any CPU
		{BFADC9D5-ACD5-4027-9A98-3C9EBF6A9CA3}.Debug|x64.ActiveCfg = Debug|Any CPU
		{BFADC9D5-ACD5-4027-9A98-3C9EBF6A9CA3}.Debug|x64.Build.0 = Debug|Any CPU
		{BFADC9D5-ACD5-4027-9A98-3C9EBF6A9CA3}.Debug|x86.ActiveCfg = Debug|Any CPU
		{BFADC9D5-ACD5-4027-9A98-3C9EBF6A9CA3}.Debug|x86.Build.0 = Debug|Any CPU
		{BFADC9D5-ACD5-4027-9A98-3C9EBF6A9CA3}.Release|Any CPU.ActiveCfg = Release|Any CPU
		{BFADC9D5-ACD5-4027-9A98-3C9EBF6A9CA3}.Release|Any CPU.Build.0 = Release|Any CPU
		{BFADC9D5-ACD5-4027-9A98-3C9EBF6A9CA3}.Release|x64.ActiveCfg = Release|Any CPU
		{BFADC9D5-ACD5-4027-9A98-3C9EBF6A9CA3}.Release|x64.Build.0 = Release|Any CPU
		{BFADC9D5-ACD5-4027-9A98-3C9EBF6A9CA3}.Release|x86.ActiveCfg = Release|Any CPU
		{BFADC9D5-ACD5-4027-9A98-3C9EBF6A9CA3}.Release|x86.Build.0 = Release|Any CPU
		{1E1A94AB-99EB-495D-8750-2EF3E6E6C41D}.Debug|Any CPU.ActiveCfg = Debug|Any CPU
		{1E1A94AB-99EB-495D-8750-2EF3E6E6C41D}.Debug|Any CPU.Build.0 = Debug|Any CPU
		{1E1A94AB-99EB-495D-8750-2EF3E6E6C41D}.Debug|x64.ActiveCfg = Debug|Any CPU
		{1E1A94AB-99EB-495D-8750-2EF3E6E6C41D}.Debug|x64.Build.0 = Debug|Any CPU
		{1E1A94AB-99EB-495D-8750-2EF3E6E6C41D}.Debug|x86.ActiveCfg = Debug|Any CPU
		{1E1A94AB-99EB-495D-8750-2EF3E6E6C41D}.Debug|x86.Build.0 = Debug|Any CPU
		{1E1A94AB-99EB-495D-8750-2EF3E6E6C41D}.Release|Any CPU.ActiveCfg = Release|Any CPU
		{1E1A94AB-99EB-495D-8750-2EF3E6E6C41D}.Release|Any CPU.Build.0 = Release|Any CPU
		{1E1A94AB-99EB-495D-8750-2EF3E6E6C41D}.Release|x64.ActiveCfg = Release|Any CPU
		{1E1A94AB-99EB-495D-8750-2EF3E6E6C41D}.Release|x64.Build.0 = Release|Any CPU
		{1E1A94AB-99EB-495D-8750-2EF3E6E6C41D}.Release|x86.ActiveCfg = Release|Any CPU
		{1E1A94AB-99EB-495D-8750-2EF3E6E6C41D}.Release|x86.Build.0 = Release|Any CPU
		{206E174A-DBFB-4FB2-80F8-3E54E38C86AC}.Debug|Any CPU.ActiveCfg = Debug|Any CPU
		{206E174A-DBFB-4FB2-80F8-3E54E38C86AC}.Debug|Any CPU.Build.0 = Debug|Any CPU
		{206E174A-DBFB-4FB2-80F8-3E54E38C86AC}.Debug|x64.ActiveCfg = Debug|Any CPU
		{206E174A-DBFB-4FB2-80F8-3E54E38C86AC}.Debug|x64.Build.0 = Debug|Any CPU
		{206E174A-DBFB-4FB2-80F8-3E54E38C86AC}.Debug|x86.ActiveCfg = Debug|Any CPU
		{206E174A-DBFB-4FB2-80F8-3E54E38C86AC}.Debug|x86.Build.0 = Debug|Any CPU
		{206E174A-DBFB-4FB2-80F8-3E54E38C86AC}.Release|Any CPU.ActiveCfg = Release|Any CPU
		{206E174A-DBFB-4FB2-80F8-3E54E38C86AC}.Release|Any CPU.Build.0 = Release|Any CPU
		{206E174A-DBFB-4FB2-80F8-3E54E38C86AC}.Release|x64.ActiveCfg = Release|Any CPU
		{206E174A-DBFB-4FB2-80F8-3E54E38C86AC}.Release|x64.Build.0 = Release|Any CPU
		{206E174A-DBFB-4FB2-80F8-3E54E38C86AC}.Release|x86.ActiveCfg = Release|Any CPU
		{206E174A-DBFB-4FB2-80F8-3E54E38C86AC}.Release|x86.Build.0 = Release|Any CPU
		{A5C6D300-5FB4-41D6-8A1A-6B03E4FD2ACD}.Debug|Any CPU.ActiveCfg = Debug|Any CPU
		{A5C6D300-5FB4-41D6-8A1A-6B03E4FD2ACD}.Debug|Any CPU.Build.0 = Debug|Any CPU
		{A5C6D300-5FB4-41D6-8A1A-6B03E4FD2ACD}.Debug|x64.ActiveCfg = Debug|Any CPU
		{A5C6D300-5FB4-41D6-8A1A-6B03E4FD2ACD}.Debug|x64.Build.0 = Debug|Any CPU
		{A5C6D300-5FB4-41D6-8A1A-6B03E4FD2ACD}.Debug|x86.ActiveCfg = Debug|Any CPU
		{A5C6D300-5FB4-41D6-8A1A-6B03E4FD2ACD}.Debug|x86.Build.0 = Debug|Any CPU
		{A5C6D300-5FB4-41D6-8A1A-6B03E4FD2ACD}.Release|Any CPU.ActiveCfg = Release|Any CPU
		{A5C6D300-5FB4-41D6-8A1A-6B03E4FD2ACD}.Release|Any CPU.Build.0 = Release|Any CPU
		{A5C6D300-5FB4-41D6-8A1A-6B03E4FD2ACD}.Release|x64.ActiveCfg = Release|Any CPU
		{A5C6D300-5FB4-41D6-8A1A-6B03E4FD2ACD}.Release|x64.Build.0 = Release|Any CPU
		{A5C6D300-5FB4-41D6-8A1A-6B03E4FD2ACD}.Release|x86.ActiveCfg = Release|Any CPU
		{A5C6D300-5FB4-41D6-8A1A-6B03E4FD2ACD}.Release|x86.Build.0 = Release|Any CPU
		{084C2391-A139-4B7C-8C6C-53EF6B1A297C}.Debug|Any CPU.ActiveCfg = Debug|Any CPU
		{084C2391-A139-4B7C-8C6C-53EF6B1A297C}.Debug|Any CPU.Build.0 = Debug|Any CPU
		{084C2391-A139-4B7C-8C6C-53EF6B1A297C}.Debug|x64.ActiveCfg = Debug|Any CPU
		{084C2391-A139-4B7C-8C6C-53EF6B1A297C}.Debug|x64.Build.0 = Debug|Any CPU
		{084C2391-A139-4B7C-8C6C-53EF6B1A297C}.Debug|x86.ActiveCfg = Debug|Any CPU
		{084C2391-A139-4B7C-8C6C-53EF6B1A297C}.Debug|x86.Build.0 = Debug|Any CPU
		{084C2391-A139-4B7C-8C6C-53EF6B1A297C}.Release|Any CPU.ActiveCfg = Release|Any CPU
		{084C2391-A139-4B7C-8C6C-53EF6B1A297C}.Release|Any CPU.Build.0 = Release|Any CPU
		{084C2391-A139-4B7C-8C6C-53EF6B1A297C}.Release|x64.ActiveCfg = Release|Any CPU
		{084C2391-A139-4B7C-8C6C-53EF6B1A297C}.Release|x64.Build.0 = Release|Any CPU
		{084C2391-A139-4B7C-8C6C-53EF6B1A297C}.Release|x86.ActiveCfg = Release|Any CPU
		{084C2391-A139-4B7C-8C6C-53EF6B1A297C}.Release|x86.Build.0 = Release|Any CPU
		{C5E0D7B8-920E-4AFC-AFE7-85630174F6DC}.Debug|Any CPU.ActiveCfg = Debug|Any CPU
		{C5E0D7B8-920E-4AFC-AFE7-85630174F6DC}.Debug|Any CPU.Build.0 = Debug|Any CPU
		{C5E0D7B8-920E-4AFC-AFE7-85630174F6DC}.Debug|x64.ActiveCfg = Debug|Any CPU
		{C5E0D7B8-920E-4AFC-AFE7-85630174F6DC}.Debug|x64.Build.0 = Debug|Any CPU
		{C5E0D7B8-920E-4AFC-AFE7-85630174F6DC}.Debug|x86.ActiveCfg = Debug|Any CPU
		{C5E0D7B8-920E-4AFC-AFE7-85630174F6DC}.Debug|x86.Build.0 = Debug|Any CPU
		{C5E0D7B8-920E-4AFC-AFE7-85630174F6DC}.Release|Any CPU.ActiveCfg = Release|Any CPU
		{C5E0D7B8-920E-4AFC-AFE7-85630174F6DC}.Release|Any CPU.Build.0 = Release|Any CPU
		{C5E0D7B8-920E-4AFC-AFE7-85630174F6DC}.Release|x64.ActiveCfg = Release|Any CPU
		{C5E0D7B8-920E-4AFC-AFE7-85630174F6DC}.Release|x64.Build.0 = Release|Any CPU
		{C5E0D7B8-920E-4AFC-AFE7-85630174F6DC}.Release|x86.ActiveCfg = Release|Any CPU
		{C5E0D7B8-920E-4AFC-AFE7-85630174F6DC}.Release|x86.Build.0 = Release|Any CPU
		{3AD549D4-44E9-4B25-B65B-AE0D241282C5}.Debug|Any CPU.ActiveCfg = Debug|Any CPU
		{3AD549D4-44E9-4B25-B65B-AE0D241282C5}.Debug|Any CPU.Build.0 = Debug|Any CPU
		{3AD549D4-44E9-4B25-B65B-AE0D241282C5}.Debug|x64.ActiveCfg = Debug|Any CPU
		{3AD549D4-44E9-4B25-B65B-AE0D241282C5}.Debug|x64.Build.0 = Debug|Any CPU
		{3AD549D4-44E9-4B25-B65B-AE0D241282C5}.Debug|x86.ActiveCfg = Debug|Any CPU
		{3AD549D4-44E9-4B25-B65B-AE0D241282C5}.Debug|x86.Build.0 = Debug|Any CPU
		{3AD549D4-44E9-4B25-B65B-AE0D241282C5}.Release|Any CPU.ActiveCfg = Release|Any CPU
		{3AD549D4-44E9-4B25-B65B-AE0D241282C5}.Release|Any CPU.Build.0 = Release|Any CPU
		{3AD549D4-44E9-4B25-B65B-AE0D241282C5}.Release|x64.ActiveCfg = Release|Any CPU
		{3AD549D4-44E9-4B25-B65B-AE0D241282C5}.Release|x64.Build.0 = Release|Any CPU
		{3AD549D4-44E9-4B25-B65B-AE0D241282C5}.Release|x86.ActiveCfg = Release|Any CPU
		{3AD549D4-44E9-4B25-B65B-AE0D241282C5}.Release|x86.Build.0 = Release|Any CPU
		{0E6F1342-EDF7-465A-9D14-B3D6A7829C67}.Debug|Any CPU.ActiveCfg = Debug|Any CPU
		{0E6F1342-EDF7-465A-9D14-B3D6A7829C67}.Debug|Any CPU.Build.0 = Debug|Any CPU
		{0E6F1342-EDF7-465A-9D14-B3D6A7829C67}.Debug|x64.ActiveCfg = Debug|Any CPU
		{0E6F1342-EDF7-465A-9D14-B3D6A7829C67}.Debug|x64.Build.0 = Debug|Any CPU
		{0E6F1342-EDF7-465A-9D14-B3D6A7829C67}.Debug|x86.ActiveCfg = Debug|Any CPU
		{0E6F1342-EDF7-465A-9D14-B3D6A7829C67}.Debug|x86.Build.0 = Debug|Any CPU
		{0E6F1342-EDF7-465A-9D14-B3D6A7829C67}.Release|Any CPU.ActiveCfg = Release|Any CPU
		{0E6F1342-EDF7-465A-9D14-B3D6A7829C67}.Release|Any CPU.Build.0 = Release|Any CPU
		{0E6F1342-EDF7-465A-9D14-B3D6A7829C67}.Release|x64.ActiveCfg = Release|Any CPU
		{0E6F1342-EDF7-465A-9D14-B3D6A7829C67}.Release|x64.Build.0 = Release|Any CPU
		{0E6F1342-EDF7-465A-9D14-B3D6A7829C67}.Release|x86.ActiveCfg = Release|Any CPU
		{0E6F1342-EDF7-465A-9D14-B3D6A7829C67}.Release|x86.Build.0 = Release|Any CPU
		{C3986A2B-328C-4DA5-A213-ECE715288DC3}.Debug|Any CPU.ActiveCfg = Debug|Any CPU
		{C3986A2B-328C-4DA5-A213-ECE715288DC3}.Debug|Any CPU.Build.0 = Debug|Any CPU
		{C3986A2B-328C-4DA5-A213-ECE715288DC3}.Debug|x64.ActiveCfg = Debug|Any CPU
		{C3986A2B-328C-4DA5-A213-ECE715288DC3}.Debug|x64.Build.0 = Debug|Any CPU
		{C3986A2B-328C-4DA5-A213-ECE715288DC3}.Debug|x86.ActiveCfg = Debug|Any CPU
		{C3986A2B-328C-4DA5-A213-ECE715288DC3}.Debug|x86.Build.0 = Debug|Any CPU
		{C3986A2B-328C-4DA5-A213-ECE715288DC3}.Release|Any CPU.ActiveCfg = Release|Any CPU
		{C3986A2B-328C-4DA5-A213-ECE715288DC3}.Release|Any CPU.Build.0 = Release|Any CPU
		{C3986A2B-328C-4DA5-A213-ECE715288DC3}.Release|x64.ActiveCfg = Release|Any CPU
		{C3986A2B-328C-4DA5-A213-ECE715288DC3}.Release|x64.Build.0 = Release|Any CPU
		{C3986A2B-328C-4DA5-A213-ECE715288DC3}.Release|x86.ActiveCfg = Release|Any CPU
		{C3986A2B-328C-4DA5-A213-ECE715288DC3}.Release|x86.Build.0 = Release|Any CPU
		{AFA33367-C295-4DE6-9AE7-87B912441F25}.Debug|Any CPU.ActiveCfg = Debug|Win32
		{AFA33367-C295-4DE6-9AE7-87B912441F25}.Debug|x64.ActiveCfg = Debug|x64
		{AFA33367-C295-4DE6-9AE7-87B912441F25}.Debug|x64.Build.0 = Debug|x64
		{AFA33367-C295-4DE6-9AE7-87B912441F25}.Debug|x86.ActiveCfg = Debug|Win32
		{AFA33367-C295-4DE6-9AE7-87B912441F25}.Debug|x86.Build.0 = Debug|Win32
		{AFA33367-C295-4DE6-9AE7-87B912441F25}.Release|Any CPU.ActiveCfg = Release|Win32
		{AFA33367-C295-4DE6-9AE7-87B912441F25}.Release|x64.ActiveCfg = Release|x64
		{AFA33367-C295-4DE6-9AE7-87B912441F25}.Release|x64.Build.0 = Release|x64
		{AFA33367-C295-4DE6-9AE7-87B912441F25}.Release|x86.ActiveCfg = Release|Win32
		{AFA33367-C295-4DE6-9AE7-87B912441F25}.Release|x86.Build.0 = Release|Win32
		{EBAA8668-5095-48D5-BB60-C9DC5EDE5769}.Debug|Any CPU.ActiveCfg = Debug|Win32
		{EBAA8668-5095-48D5-BB60-C9DC5EDE5769}.Debug|x64.ActiveCfg = Debug|x64
		{EBAA8668-5095-48D5-BB60-C9DC5EDE5769}.Debug|x64.Build.0 = Debug|x64
		{EBAA8668-5095-48D5-BB60-C9DC5EDE5769}.Debug|x86.ActiveCfg = Debug|Win32
		{EBAA8668-5095-48D5-BB60-C9DC5EDE5769}.Debug|x86.Build.0 = Debug|Win32
		{EBAA8668-5095-48D5-BB60-C9DC5EDE5769}.Release|Any CPU.ActiveCfg = Release|Win32
		{EBAA8668-5095-48D5-BB60-C9DC5EDE5769}.Release|x64.ActiveCfg = Release|x64
		{EBAA8668-5095-48D5-BB60-C9DC5EDE5769}.Release|x64.Build.0 = Release|x64
		{EBAA8668-5095-48D5-BB60-C9DC5EDE5769}.Release|x86.ActiveCfg = Release|Win32
		{EBAA8668-5095-48D5-BB60-C9DC5EDE5769}.Release|x86.Build.0 = Release|Win32
		{51F7F0DA-B3E1-4BD7-A5E8-659249A93345}.Debug|Any CPU.ActiveCfg = Debug|Any CPU
		{51F7F0DA-B3E1-4BD7-A5E8-659249A93345}.Debug|Any CPU.Build.0 = Debug|Any CPU
		{51F7F0DA-B3E1-4BD7-A5E8-659249A93345}.Debug|x64.ActiveCfg = Debug|Any CPU
		{51F7F0DA-B3E1-4BD7-A5E8-659249A93345}.Debug|x64.Build.0 = Debug|Any CPU
		{51F7F0DA-B3E1-4BD7-A5E8-659249A93345}.Debug|x86.ActiveCfg = Debug|Any CPU
		{51F7F0DA-B3E1-4BD7-A5E8-659249A93345}.Debug|x86.Build.0 = Debug|Any CPU
		{51F7F0DA-B3E1-4BD7-A5E8-659249A93345}.Release|Any CPU.ActiveCfg = Release|Any CPU
		{51F7F0DA-B3E1-4BD7-A5E8-659249A93345}.Release|Any CPU.Build.0 = Release|Any CPU
		{51F7F0DA-B3E1-4BD7-A5E8-659249A93345}.Release|x64.ActiveCfg = Release|Any CPU
		{51F7F0DA-B3E1-4BD7-A5E8-659249A93345}.Release|x64.Build.0 = Release|Any CPU
		{51F7F0DA-B3E1-4BD7-A5E8-659249A93345}.Release|x86.ActiveCfg = Release|Any CPU
		{51F7F0DA-B3E1-4BD7-A5E8-659249A93345}.Release|x86.Build.0 = Release|Any CPU
	EndGlobalSection
	GlobalSection(SolutionProperties) = preSolution
		HideSolutionNode = FALSE
	EndGlobalSection
	GlobalSection(NestedProjects) = preSolution
		{BFADC9D5-ACD5-4027-9A98-3C9EBF6A9CA3} = {B5ABB756-A3C8-4520-85FD-136CB9D1641D}
		{1E1A94AB-99EB-495D-8750-2EF3E6E6C41D} = {B5ABB756-A3C8-4520-85FD-136CB9D1641D}
		{206E174A-DBFB-4FB2-80F8-3E54E38C86AC} = {B5ABB756-A3C8-4520-85FD-136CB9D1641D}
		{A5C6D300-5FB4-41D6-8A1A-6B03E4FD2ACD} = {B5ABB756-A3C8-4520-85FD-136CB9D1641D}
		{084C2391-A139-4B7C-8C6C-53EF6B1A297C} = {B5ABB756-A3C8-4520-85FD-136CB9D1641D}
		{C5E0D7B8-920E-4AFC-AFE7-85630174F6DC} = {83E94A18-368A-4438-B976-7810638995D8}
		{3AD549D4-44E9-4B25-B65B-AE0D241282C5} = {83E94A18-368A-4438-B976-7810638995D8}
		{0E6F1342-EDF7-465A-9D14-B3D6A7829C67} = {83E94A18-368A-4438-B976-7810638995D8}
		{C3986A2B-328C-4DA5-A213-ECE715288DC3} = {6657C39F-082F-4669-8A44-75F67C7825D6}
		{AFA33367-C295-4DE6-9AE7-87B912441F25} = {6657C39F-082F-4669-8A44-75F67C7825D6}
		{EBAA8668-5095-48D5-BB60-C9DC5EDE5769} = {6657C39F-082F-4669-8A44-75F67C7825D6}
		{51F7F0DA-B3E1-4BD7-A5E8-659249A93345} = {5A9E3065-4065-4958-B54F-BB106A1DABA4}
	EndGlobalSection
	GlobalSection(ExtensibilityGlobals) = postSolution
		SolutionGuid = {18B9AC9D-0266-4534-BDA5-0E5C2E04BC3A}
	EndGlobalSection
EndGlobal
