
Microsoft Visual Studio Solution File, Format Version 12.00
# Visual Studio 15
VisualStudioVersion = 15.0.27009.1
MinimumVisualStudioVersion = 10.0.40219.1
Project("{9A19103F-16F7-4668-BE54-9A1E7A4F7556}") = "APILast.Stuff", "APILast.Stuff\APILast.Stuff.csproj", "{73A5D758-2A53-45D7-A318-A633E35319D1}"
EndProject
Project("{9A19103F-16F7-4668-BE54-9A1E7A4F7556}") = "APILast.Web", "APILast.Web\APILast.Web.csproj", "{B66AC112-158E-4A9E-A6E4-3B93DDD82609}"
EndProject
Project("{9A19103F-16F7-4668-BE54-9A1E7A4F7556}") = "APILast.FasterConsoleHost", "APILast.FasterConsoleHost\APILast.FasterConsoleHost.csproj", "{95682EC7-127D-409E-A9ED-CEF7609D4390}"
EndProject
Project("{9A19103F-16F7-4668-BE54-9A1E7A4F7556}") = "SampleService", "SampleService\SampleService.csproj", "{6E349180-F155-4634-BBA8-9FCEF497DF7D}"
EndProject
Project("{8BC9CEB8-8B4A-11D0-8D11-00A0C91BC942}") = "APILast.AssemblyResolveHandle", "APILast.AssemblyResolveHandle\APILast.AssemblyResolveHandle.vcxproj", "{AFA33367-C295-4DE6-9AE7-87B912441F25}"
EndProject
Project("{FAE04EC0-301F-11D3-BF4B-00C04F79EFBC}") = "APILast.Abstractions", "APILast.Abstractions\APILast.Abstractions.csproj", "{F0AB8E49-163B-4281-A90E-057DDD3D8208}"
EndProject
Project("{FAE04EC0-301F-11D3-BF4B-00C04F79EFBC}") = "APILast.DomainObjects", "APILast.DomainObjects\APILast.DomainObjects.csproj", "{CC50F787-5DF2-4579-A1D6-631FE1FF98D6}"
EndProject
Global
	GlobalSection(SolutionConfigurationPlatforms) = preSolution
		Debug|Any CPU = Debug|Any CPU
		Debug|x64 = Debug|x64
		Debug|x86 = Debug|x86
		Release|Any CPU = Release|Any CPU
		Release|x64 = Release|x64
		Release|x86 = Release|x86
	EndGlobalSection
	GlobalSection(ProjectConfigurationPlatforms) = postSolution
		{73A5D758-2A53-45D7-A318-A633E35319D1}.Debug|Any CPU.ActiveCfg = Debug|Any CPU
		{73A5D758-2A53-45D7-A318-A633E35319D1}.Debug|Any CPU.Build.0 = Debug|Any CPU
		{73A5D758-2A53-45D7-A318-A633E35319D1}.Debug|x64.ActiveCfg = Debug|Any CPU
		{73A5D758-2A53-45D7-A318-A633E35319D1}.Debug|x64.Build.0 = Debug|Any CPU
		{73A5D758-2A53-45D7-A318-A633E35319D1}.Debug|x86.ActiveCfg = Debug|Any CPU
		{73A5D758-2A53-45D7-A318-A633E35319D1}.Debug|x86.Build.0 = Debug|Any CPU
		{73A5D758-2A53-45D7-A318-A633E35319D1}.Release|Any CPU.ActiveCfg = Release|Any CPU
		{73A5D758-2A53-45D7-A318-A633E35319D1}.Release|Any CPU.Build.0 = Release|Any CPU
		{73A5D758-2A53-45D7-A318-A633E35319D1}.Release|x64.ActiveCfg = Release|Any CPU
		{73A5D758-2A53-45D7-A318-A633E35319D1}.Release|x64.Build.0 = Release|Any CPU
		{73A5D758-2A53-45D7-A318-A633E35319D1}.Release|x86.ActiveCfg = Release|Any CPU
		{73A5D758-2A53-45D7-A318-A633E35319D1}.Release|x86.Build.0 = Release|Any CPU
		{B66AC112-158E-4A9E-A6E4-3B93DDD82609}.Debug|Any CPU.ActiveCfg = Debug|Any CPU
		{B66AC112-158E-4A9E-A6E4-3B93DDD82609}.Debug|Any CPU.Build.0 = Debug|Any CPU
		{B66AC112-158E-4A9E-A6E4-3B93DDD82609}.Debug|x64.ActiveCfg = Debug|Any CPU
		{B66AC112-158E-4A9E-A6E4-3B93DDD82609}.Debug|x64.Build.0 = Debug|Any CPU
		{B66AC112-158E-4A9E-A6E4-3B93DDD82609}.Debug|x86.ActiveCfg = Debug|Any CPU
		{B66AC112-158E-4A9E-A6E4-3B93DDD82609}.Debug|x86.Build.0 = Debug|Any CPU
		{B66AC112-158E-4A9E-A6E4-3B93DDD82609}.Release|Any CPU.ActiveCfg = Release|Any CPU
		{B66AC112-158E-4A9E-A6E4-3B93DDD82609}.Release|Any CPU.Build.0 = Release|Any CPU
		{B66AC112-158E-4A9E-A6E4-3B93DDD82609}.Release|x64.ActiveCfg = Release|Any CPU
		{B66AC112-158E-4A9E-A6E4-3B93DDD82609}.Release|x64.Build.0 = Release|Any CPU
		{B66AC112-158E-4A9E-A6E4-3B93DDD82609}.Release|x86.ActiveCfg = Release|Any CPU
		{B66AC112-158E-4A9E-A6E4-3B93DDD82609}.Release|x86.Build.0 = Release|Any CPU
		{95682EC7-127D-409E-A9ED-CEF7609D4390}.Debug|Any CPU.ActiveCfg = Debug|Any CPU
		{95682EC7-127D-409E-A9ED-CEF7609D4390}.Debug|Any CPU.Build.0 = Debug|Any CPU
		{95682EC7-127D-409E-A9ED-CEF7609D4390}.Debug|x64.ActiveCfg = Debug|Any CPU
		{95682EC7-127D-409E-A9ED-CEF7609D4390}.Debug|x64.Build.0 = Debug|Any CPU
		{95682EC7-127D-409E-A9ED-CEF7609D4390}.Debug|x86.ActiveCfg = Debug|Any CPU
		{95682EC7-127D-409E-A9ED-CEF7609D4390}.Debug|x86.Build.0 = Debug|Any CPU
		{95682EC7-127D-409E-A9ED-CEF7609D4390}.Release|Any CPU.ActiveCfg = Release|Any CPU
		{95682EC7-127D-409E-A9ED-CEF7609D4390}.Release|Any CPU.Build.0 = Release|Any CPU
		{95682EC7-127D-409E-A9ED-CEF7609D4390}.Release|x64.ActiveCfg = Release|Any CPU
		{95682EC7-127D-409E-A9ED-CEF7609D4390}.Release|x64.Build.0 = Release|Any CPU
		{95682EC7-127D-409E-A9ED-CEF7609D4390}.Release|x86.ActiveCfg = Release|Any CPU
		{95682EC7-127D-409E-A9ED-CEF7609D4390}.Release|x86.Build.0 = Release|Any CPU
		{6E349180-F155-4634-BBA8-9FCEF497DF7D}.Debug|Any CPU.ActiveCfg = Debug|Any CPU
		{6E349180-F155-4634-BBA8-9FCEF497DF7D}.Debug|Any CPU.Build.0 = Debug|Any CPU
		{6E349180-F155-4634-BBA8-9FCEF497DF7D}.Debug|x64.ActiveCfg = Debug|Any CPU
		{6E349180-F155-4634-BBA8-9FCEF497DF7D}.Debug|x64.Build.0 = Debug|Any CPU
		{6E349180-F155-4634-BBA8-9FCEF497DF7D}.Debug|x86.ActiveCfg = Debug|Any CPU
		{6E349180-F155-4634-BBA8-9FCEF497DF7D}.Debug|x86.Build.0 = Debug|Any CPU
		{6E349180-F155-4634-BBA8-9FCEF497DF7D}.Release|Any CPU.ActiveCfg = Release|Any CPU
		{6E349180-F155-4634-BBA8-9FCEF497DF7D}.Release|Any CPU.Build.0 = Release|Any CPU
		{6E349180-F155-4634-BBA8-9FCEF497DF7D}.Release|x64.ActiveCfg = Release|Any CPU
		{6E349180-F155-4634-BBA8-9FCEF497DF7D}.Release|x64.Build.0 = Release|Any CPU
		{6E349180-F155-4634-BBA8-9FCEF497DF7D}.Release|x86.ActiveCfg = Release|Any CPU
		{6E349180-F155-4634-BBA8-9FCEF497DF7D}.Release|x86.Build.0 = Release|Any CPU
		{AFA33367-C295-4DE6-9AE7-87B912441F25}.Debug|Any CPU.ActiveCfg = Debug|Win32
		{AFA33367-C295-4DE6-9AE7-87B912441F25}.Debug|x64.ActiveCfg = Debug|x64
		{AFA33367-C295-4DE6-9AE7-87B912441F25}.Debug|x64.Build.0 = Debug|x64
		{AFA33367-C295-4DE6-9AE7-87B912441F25}.Debug|x86.ActiveCfg = Debug|Win32
		{AFA33367-C295-4DE6-9AE7-87B912441F25}.Debug|x86.Build.0 = Debug|Win32
		{AFA33367-C295-4DE6-9AE7-87B912441F25}.Release|Any CPU.ActiveCfg = Release|Win32
		{AFA33367-C295-4DE6-9AE7-87B912441F25}.Release|x64.ActiveCfg = Release|x64
		{AFA33367-C295-4DE6-9AE7-87B912441F25}.Release|x64.Build.0 = Release|x64
		{AFA33367-C295-4DE6-9AE7-87B912441F25}.Release|x86.ActiveCfg = Release|Win32
		{AFA33367-C295-4DE6-9AE7-87B912441F25}.Release|x86.Build.0 = Release|Win32
		{F0AB8E49-163B-4281-A90E-057DDD3D8208}.Debug|Any CPU.ActiveCfg = Debug|Any CPU
		{F0AB8E49-163B-4281-A90E-057DDD3D8208}.Debug|Any CPU.Build.0 = Debug|Any CPU
		{F0AB8E49-163B-4281-A90E-057DDD3D8208}.Debug|x64.ActiveCfg = Debug|Any CPU
		{F0AB8E49-163B-4281-A90E-057DDD3D8208}.Debug|x64.Build.0 = Debug|Any CPU
		{F0AB8E49-163B-4281-A90E-057DDD3D8208}.Debug|x86.ActiveCfg = Debug|Any CPU
		{F0AB8E49-163B-4281-A90E-057DDD3D8208}.Debug|x86.Build.0 = Debug|Any CPU
		{F0AB8E49-163B-4281-A90E-057DDD3D8208}.Release|Any CPU.ActiveCfg = Release|Any CPU
		{F0AB8E49-163B-4281-A90E-057DDD3D8208}.Release|Any CPU.Build.0 = Release|Any CPU
		{F0AB8E49-163B-4281-A90E-057DDD3D8208}.Release|x64.ActiveCfg = Release|Any CPU
		{F0AB8E49-163B-4281-A90E-057DDD3D8208}.Release|x64.Build.0 = Release|Any CPU
		{F0AB8E49-163B-4281-A90E-057DDD3D8208}.Release|x86.ActiveCfg = Release|Any CPU
		{F0AB8E49-163B-4281-A90E-057DDD3D8208}.Release|x86.Build.0 = Release|Any CPU
		{CC50F787-5DF2-4579-A1D6-631FE1FF98D6}.Debug|Any CPU.ActiveCfg = Debug|Any CPU
		{CC50F787-5DF2-4579-A1D6-631FE1FF98D6}.Debug|Any CPU.Build.0 = Debug|Any CPU
		{CC50F787-5DF2-4579-A1D6-631FE1FF98D6}.Debug|x64.ActiveCfg = Debug|Any CPU
		{CC50F787-5DF2-4579-A1D6-631FE1FF98D6}.Debug|x64.Build.0 = Debug|Any CPU
		{CC50F787-5DF2-4579-A1D6-631FE1FF98D6}.Debug|x86.ActiveCfg = Debug|Any CPU
		{CC50F787-5DF2-4579-A1D6-631FE1FF98D6}.Debug|x86.Build.0 = Debug|Any CPU
		{CC50F787-5DF2-4579-A1D6-631FE1FF98D6}.Release|Any CPU.ActiveCfg = Release|Any CPU
		{CC50F787-5DF2-4579-A1D6-631FE1FF98D6}.Release|Any CPU.Build.0 = Release|Any CPU
		{CC50F787-5DF2-4579-A1D6-631FE1FF98D6}.Release|x64.ActiveCfg = Release|Any CPU
		{CC50F787-5DF2-4579-A1D6-631FE1FF98D6}.Release|x64.Build.0 = Release|Any CPU
		{CC50F787-5DF2-4579-A1D6-631FE1FF98D6}.Release|x86.ActiveCfg = Release|Any CPU
		{CC50F787-5DF2-4579-A1D6-631FE1FF98D6}.Release|x86.Build.0 = Release|Any CPU
	EndGlobalSection
	GlobalSection(SolutionProperties) = preSolution
		HideSolutionNode = FALSE
	EndGlobalSection
	GlobalSection(ExtensibilityGlobals) = postSolution
		SolutionGuid = {18B9AC9D-0266-4534-BDA5-0E5C2E04BC3A}
	EndGlobalSection
EndGlobal
